
Microsoft Visual Studio Solution File, Format Version 12.00
# Visual Studio Version 17
VisualStudioVersion = 17.0.31912.275
MinimumVisualStudioVersion = 10.0.40219.1
Project("{9A19103F-16F7-4668-BE54-9A1E7A4F7556}") = "DNE.Web", "DNE.Web\DNE.Web.csproj", "{86364BF2-25ED-41DF-B056-0C4DA2A894C1}"
EndProject
Project("{FAE04EC0-301F-11D3-BF4B-00C04F79EFBC}") = "DNE.Repository", "DNE.Repository\DNE.Repository.csproj", "{742C1207-7C46-4A30-9FB6-350AD414487D}"
EndProject
Project("{FAE04EC0-301F-11D3-BF4B-00C04F79EFBC}") = "DNE.Services", "DNE.Services\DNE.Services.csproj", "{C16C08C2-E08D-4975-AC01-2CA271DCCF53}"
EndProject
Project("{FAE04EC0-301F-11D3-BF4B-00C04F79EFBC}") = "DNE.Core", "DNE.Core\DNE.Core.csproj", "{228FCA2E-32DB-41A9-8DF3-720F467FC4B8}"
EndProject
Project("{FAE04EC0-301F-11D3-BF4B-00C04F79EFBC}") = "DNE.Data", "DNE.Data\DNE.Data.csproj", "{CC8D3800-F05A-46B3-A1BF-93F18A3D1762}"
EndProject
Global
	GlobalSection(SolutionConfigurationPlatforms) = preSolution
		Debug|Any CPU = Debug|Any CPU
		Release|Any CPU = Release|Any CPU
	EndGlobalSection
	GlobalSection(ProjectConfigurationPlatforms) = postSolution
		{86364BF2-25ED-41DF-B056-0C4DA2A894C1}.Debug|Any CPU.ActiveCfg = Debug|Any CPU
		{86364BF2-25ED-41DF-B056-0C4DA2A894C1}.Debug|Any CPU.Build.0 = Debug|Any CPU
		{86364BF2-25ED-41DF-B056-0C4DA2A894C1}.Release|Any CPU.ActiveCfg = Release|Any CPU
		{86364BF2-25ED-41DF-B056-0C4DA2A894C1}.Release|Any CPU.Build.0 = Release|Any CPU
		{742C1207-7C46-4A30-9FB6-350AD414487D}.Debug|Any CPU.ActiveCfg = Debug|Any CPU
		{742C1207-7C46-4A30-9FB6-350AD414487D}.Debug|Any CPU.Build.0 = Debug|Any CPU
		{742C1207-7C46-4A30-9FB6-350AD414487D}.Release|Any CPU.ActiveCfg = Release|Any CPU
		{742C1207-7C46-4A30-9FB6-350AD414487D}.Release|Any CPU.Build.0 = Release|Any CPU
		{C16C08C2-E08D-4975-AC01-2CA271DCCF53}.Debug|Any CPU.ActiveCfg = Debug|Any CPU
		{C16C08C2-E08D-4975-AC01-2CA271DCCF53}.Debug|Any CPU.Build.0 = Debug|Any CPU
		{C16C08C2-E08D-4975-AC01-2CA271DCCF53}.Release|Any CPU.ActiveCfg = Release|Any CPU
		{C16C08C2-E08D-4975-AC01-2CA271DCCF53}.Release|Any CPU.Build.0 = Release|Any CPU
		{228FCA2E-32DB-41A9-8DF3-720F467FC4B8}.Debug|Any CPU.ActiveCfg = Debug|Any CPU
		{228FCA2E-32DB-41A9-8DF3-720F467FC4B8}.Debug|Any CPU.Build.0 = Debug|Any CPU
		{228FCA2E-32DB-41A9-8DF3-720F467FC4B8}.Release|Any CPU.ActiveCfg = Release|Any CPU
		{228FCA2E-32DB-41A9-8DF3-720F467FC4B8}.Release|Any CPU.Build.0 = Release|Any CPU
		{CC8D3800-F05A-46B3-A1BF-93F18A3D1762}.Debug|Any CPU.ActiveCfg = Debug|Any CPU
		{CC8D3800-F05A-46B3-A1BF-93F18A3D1762}.Debug|Any CPU.Build.0 = Debug|Any CPU
		{CC8D3800-F05A-46B3-A1BF-93F18A3D1762}.Release|Any CPU.ActiveCfg = Release|Any CPU
		{CC8D3800-F05A-46B3-A1BF-93F18A3D1762}.Release|Any CPU.Build.0 = Release|Any CPU
	EndGlobalSection
	GlobalSection(SolutionProperties) = preSolution
		HideSolutionNode = FALSE
	EndGlobalSection
	GlobalSection(ExtensibilityGlobals) = postSolution
		SolutionGuid = {F3B9DFF4-9FED-41CF-99DF-A1F16BF7B8D4}
	EndGlobalSection
EndGlobal
